
Microsoft Visual Studio Solution File, Format Version 12.00
# Visual Studio Version 17
VisualStudioVersion = 17.0.31903.59
MinimumVisualStudioVersion = 10.0.40219.1
Project("{2150E333-8FDC-42A3-9474-1A3956D46DE8}") = "src", "src", "{2D19BAC7-BBA4-4E77-9C31-7B71272FF933}"
EndProject
Project("{FAE04EC0-301F-11D3-BF4B-00C04F79EFBC}") = "Backend.Api", "src\Backend.Api\Backend.Api.csproj", "{E35D49A4-1466-4732-B590-3D39F6083CA9}"
EndProject
Project("{2150E333-8FDC-42A3-9474-1A3956D46DE8}") = "tests", "tests", "{F526867E-F601-4A67-8F34-771BC387CF12}"
EndProject
Project("{FAE04EC0-301F-11D3-BF4B-00C04F79EFBC}") = "Backend.Tests", "tests\Backend.Tests\Backend.Tests.csproj", "{13173BCE-122B-4490-842C-411F12EEB538}"
EndProject
Global
	GlobalSection(SolutionConfigurationPlatforms) = preSolution
		Debug|Any CPU = Debug|Any CPU
		Release|Any CPU = Release|Any CPU
	EndGlobalSection
	GlobalSection(SolutionProperties) = preSolution
		HideSolutionNode = FALSE
	EndGlobalSection
	GlobalSection(ProjectConfigurationPlatforms) = postSolution
		{E35D49A4-1466-4732-B590-3D39F6083CA9}.Debug|Any CPU.ActiveCfg = Debug|Any CPU
		{E35D49A4-1466-4732-B590-3D39F6083CA9}.Debug|Any CPU.Build.0 = Debug|Any CPU
		{E35D49A4-1466-4732-B590-3D39F6083CA9}.Release|Any CPU.ActiveCfg = Release|Any CPU
		{E35D49A4-1466-4732-B590-3D39F6083CA9}.Release|Any CPU.Build.0 = Release|Any CPU
		{13173BCE-122B-4490-842C-411F12EEB538}.Debug|Any CPU.ActiveCfg = Debug|Any CPU
		{13173BCE-122B-4490-842C-411F12EEB538}.Debug|Any CPU.Build.0 = Debug|Any CPU
		{13173BCE-122B-4490-842C-411F12EEB538}.Release|Any CPU.ActiveCfg = Release|Any CPU
		{13173BCE-122B-4490-842C-411F12EEB538}.Release|Any CPU.Build.0 = Release|Any CPU
	EndGlobalSection
	GlobalSection(NestedProjects) = preSolution
		{E35D49A4-1466-4732-B590-3D39F6083CA9} = {2D19BAC7-BBA4-4E77-9C31-7B71272FF933}
		{13173BCE-122B-4490-842C-411F12EEB538} = {F526867E-F601-4A67-8F34-771BC387CF12}
	EndGlobalSection
EndGlobal
